
Microsoft Visual Studio Solution File, Format Version 12.00
# Visual Studio Version 17
VisualStudioVersion = 17.0.31903.59
MinimumVisualStudioVersion = 10.0.40219.1
Project("{FAE04EC0-301F-11D3-BF4B-00C04F79EFBC}") = "FirstErpSystem.Api", "FirstErpSystem.Api\FirstErpSystem.Api.csproj", "{2E87F9D1-A857-4027-B7E2-E836256BA4EB}"
EndProject
Global
	GlobalSection(SolutionConfigurationPlatforms) = preSolution
		Debug|Any CPU = Debug|Any CPU
		Release|Any CPU = Release|Any CPU
	EndGlobalSection
	GlobalSection(SolutionProperties) = preSolution
		HideSolutionNode = FALSE
	EndGlobalSection
	GlobalSection(ProjectConfigurationPlatforms) = postSolution
		{2E87F9D1-A857-4027-B7E2-E836256BA4EB}.Debug|Any CPU.ActiveCfg = Debug|Any CPU
		{2E87F9D1-A857-4027-B7E2-E836256BA4EB}.Debug|Any CPU.Build.0 = Debug|Any CPU
		{2E87F9D1-A857-4027-B7E2-E836256BA4EB}.Release|Any CPU.ActiveCfg = Release|Any CPU
		{2E87F9D1-A857-4027-B7E2-E836256BA4EB}.Release|Any CPU.Build.0 = Release|Any CPU
	EndGlobalSection
EndGlobal
